
Microsoft Visual Studio Solution File, Format Version 12.00
# Visual Studio Version 16
VisualStudioVersion = 16.0.32106.194
MinimumVisualStudioVersion = 10.0.40219.1
Project("{FAE04EC0-301F-11D3-BF4B-00C04F79EFBC}") = "MvcBlogProje", "MvcBlogProje.csproj", "{844FFE8D-6995-4F5E-B5C2-BA389C025AD0}"
EndProject
Project("{FAE04EC0-301F-11D3-BF4B-00C04F79EFBC}") = "EntityLayer", "EntityLayer\EntityLayer.csproj", "{1B34D9EC-D225-4A3E-8219-9317BCE98658}"
EndProject
Project("{FAE04EC0-301F-11D3-BF4B-00C04F79EFBC}") = "DataAccessLayer", "DataAccessLayer\DataAccessLayer.csproj", "{99E53E60-CAC7-4FA6-ABC7-F6198E6F93FB}"
EndProject
Project("{FAE04EC0-301F-11D3-BF4B-00C04F79EFBC}") = "BusinessLayer", "BusinessLayer\BusinessLayer.csproj", "{ADA1B0C5-D961-40A6-901C-289BDDB6FD70}"
EndProject
Global
	GlobalSection(SolutionConfigurationPlatforms) = preSolution
		Debug|Any CPU = Debug|Any CPU
		Release|Any CPU = Release|Any CPU
	EndGlobalSection
	GlobalSection(ProjectConfigurationPlatforms) = postSolution
		{844FFE8D-6995-4F5E-B5C2-BA389C025AD0}.Debug|Any CPU.ActiveCfg = Debug|Any CPU
		{844FFE8D-6995-4F5E-B5C2-BA389C025AD0}.Debug|Any CPU.Build.0 = Debug|Any CPU
		{844FFE8D-6995-4F5E-B5C2-BA389C025AD0}.Release|Any CPU.ActiveCfg = Release|Any CPU
		{844FFE8D-6995-4F5E-B5C2-BA389C025AD0}.Release|Any CPU.Build.0 = Release|Any CPU
		{1B34D9EC-D225-4A3E-8219-9317BCE98658}.Debug|Any CPU.ActiveCfg = Debug|Any CPU
		{1B34D9EC-D225-4A3E-8219-9317BCE98658}.Debug|Any CPU.Build.0 = Debug|Any CPU
		{1B34D9EC-D225-4A3E-8219-9317BCE98658}.Release|Any CPU.ActiveCfg = Release|Any CPU
		{1B34D9EC-D225-4A3E-8219-9317BCE98658}.Release|Any CPU.Build.0 = Release|Any CPU
		{99E53E60-CAC7-4FA6-ABC7-F6198E6F93FB}.Debug|Any CPU.ActiveCfg = Debug|Any CPU
		{99E53E60-CAC7-4FA6-ABC7-F6198E6F93FB}.Debug|Any CPU.Build.0 = Debug|Any CPU
		{99E53E60-CAC7-4FA6-ABC7-F6198E6F93FB}.Release|Any CPU.ActiveCfg = Release|Any CPU
		{99E53E60-CAC7-4FA6-ABC7-F6198E6F93FB}.Release|Any CPU.Build.0 = Release|Any CPU
		{ADA1B0C5-D961-40A6-901C-289BDDB6FD70}.Debug|Any CPU.ActiveCfg = Debug|Any CPU
		{ADA1B0C5-D961-40A6-901C-289BDDB6FD70}.Debug|Any CPU.Build.0 = Debug|Any CPU
		{ADA1B0C5-D961-40A6-901C-289BDDB6FD70}.Release|Any CPU.ActiveCfg = Release|Any CPU
		{ADA1B0C5-D961-40A6-901C-289BDDB6FD70}.Release|Any CPU.Build.0 = Release|Any CPU
	EndGlobalSection
	GlobalSection(SolutionProperties) = preSolution
		HideSolutionNode = FALSE
	EndGlobalSection
	GlobalSection(ExtensibilityGlobals) = postSolution
		SolutionGuid = {8816F953-D5FB-40CB-85CB-821B184AB4C6}
	EndGlobalSection
EndGlobal
